// !$*UTF8*$!
{
	archiveVersion = 1;
	classes = {
	};
	objectVersion = 48;
	objects = {

/* Begin PBXBuildFile section */
		142CF4ED1F83E4270056241E /* AppDelegate.swift in Sources */ = {isa = PBXBuildFile; fileRef = 142CF4EC1F83E4270056241E /* AppDelegate.swift */; };
		142CF4EF1F83E4270056241E /* ViewController.swift in Sources */ = {isa = PBXBuildFile; fileRef = 142CF4EE1F83E4270056241E /* ViewController.swift */; };
		142CF4F21F83E4270056241E /* Main.storyboard in Resources */ = {isa = PBXBuildFile; fileRef = 142CF4F01F83E4270056241E /* Main.storyboard */; };
		142CF4F41F83E4270056241E /* Assets.xcassets in Resources */ = {isa = PBXBuildFile; fileRef = 142CF4F31F83E4270056241E /* Assets.xcassets */; };
		142CF4F71F83E4270056241E /* LaunchScreen.storyboard in Resources */ = {isa = PBXBuildFile; fileRef = 142CF4F51F83E4270056241E /* LaunchScreen.storyboard */; };
		142EBCCD1F8C06CE00B33A0D /* CardView.swift in Sources */ = {isa = PBXBuildFile; fileRef = 142EBCCC1F8C06CE00B33A0D /* CardView.swift */; };
		142EBCCF1F8C19C700B33A0D /* Alert.swift in Sources */ = {isa = PBXBuildFile; fileRef = 142EBCCE1F8C19C700B33A0D /* Alert.swift */; };
/* End PBXBuildFile section */

/* Begin PBXFileReference section */
		142CF4E91F83E4270056241E /* Cardview.app */ = {isa = PBXFileReference; explicitFileType = wrapper.application; includeInIndex = 0; path = Cardview.app; sourceTree = BUILT_PRODUCTS_DIR; };
		142CF4EC1F83E4270056241E /* AppDelegate.swift */ = {isa = PBXFileReference; lastKnownFileType = sourcecode.swift; path = AppDelegate.swift; sourceTree = "<group>"; };
		142CF4EE1F83E4270056241E /* ViewController.swift */ = {isa = PBXFileReference; lastKnownFileType = sourcecode.swift; path = ViewController.swift; sourceTree = "<group>"; };
		142CF4F11F83E4270056241E /* Base */ = {isa = PBXFileReference; lastKnownFileType = file.storyboard; name = Base; path = Base.lproj/Main.storyboard; sourceTree = "<group>"; };
		142CF4F31F83E4270056241E /* Assets.xcassets */ = {isa = PBXFileReference; lastKnownFileType = folder.assetcatalog; path = Assets.xcassets; sourceTree = "<group>"; };
		142CF4F61F83E4270056241E /* Base */ = {isa = PBXFileReference; lastKnownFileType = file.storyboard; name = Base; path = Base.lproj/LaunchScreen.storyboard; sourceTree = "<group>"; };
		142CF4F81F83E4270056241E /* Info.plist */ = {isa = PBXFileReference; lastKnownFileType = text.plist.xml; path = Info.plist; sourceTree = "<group>"; };
		142EBCCC1F8C06CE00B33A0D /* CardView.swift */ = {isa = PBXFileReference; lastKnownFileType = sourcecode.swift; path = CardView.swift; sourceTree = "<group>"; };
		142EBCCE1F8C19C700B33A0D /* Alert.swift */ = {isa = PBXFileReference; lastKnownFileType = sourcecode.swift; path = Alert.swift; sourceTree = "<group>"; };
/* End PBXFileReference section */

/* Begin PBXFrameworksBuildPhase section */
		142CF4E61F83E4270056241E /* Frameworks */ = {
			isa = PBXFrameworksBuildPhase;
			buildActionMask = 2147483647;
			files = (
			);
			runOnlyForDeploymentPostprocessing = 0;
		};
/* End PBXFrameworksBuildPhase section */

/* Begin PBXGroup section */
		142CF4E01F83E4270056241E = {
			isa = PBXGroup;
			children = (
				142CF4EB1F83E4270056241E /* Cardview */,
				142CF4EA1F83E4270056241E /* Products */,
			);
			sourceTree = "<group>";
		};
		142CF4EA1F83E4270056241E /* Products */ = {
			isa = PBXGroup;
			children = (
				142CF4E91F83E4270056241E /* Cardview.app */,
			);
			name = Products;
			sourceTree = "<group>";
		};
		142CF4EB1F83E4270056241E /* Cardview */ = {
			isa = PBXGroup;
			children = (
				142CF4EC1F83E4270056241E /* AppDelegate.swift */,
				142CF4EE1F83E4270056241E /* ViewController.swift */,
				142EBCCE1F8C19C700B33A0D /* Alert.swift */,
				142EBCCC1F8C06CE00B33A0D /* CardView.swift */,
				142CF4F01F83E4270056241E /* Main.storyboard */,
				142CF4F31F83E4270056241E /* Assets.xcassets */,
				142CF4F51F83E4270056241E /* LaunchScreen.storyboard */,
				142CF4F81F83E4270056241E /* Info.plist */,
			);
			path = Cardview;
			sourceTree = "<group>";
		};
/* End PBXGroup section */

/* Begin PBXNativeTarget section */
		142CF4E81F83E4270056241E /* Cardview */ = {
			isa = PBXNativeTarget;
			buildConfigurationList = 142CF4FB1F83E4270056241E /* Build configuration list for PBXNativeTarget "Cardview" */;
			buildPhases = (
				142CF4E51F83E4270056241E /* Sources */,
				142CF4E61F83E4270056241E /* Frameworks */,
				142CF4E71F83E4270056241E /* Resources */,
			);
			buildRules = (
			);
			dependencies = (
			);
			name = Cardview;
			productName = Cardview;
			productReference = 142CF4E91F83E4270056241E /* Cardview.app */;
			productType = "com.apple.product-type.application";
		};
/* End PBXNativeTarget section */

/* Begin PBXProject section */
		142CF4E11F83E4270056241E /* Project object */ = {
			isa = PBXProject;
			attributes = {
				LastSwiftUpdateCheck = 0900;
				LastUpgradeCheck = 0900;
				ORGANIZATIONNAME = gabrielabezerra;
				TargetAttributes = {
					142CF4E81F83E4270056241E = {
						CreatedOnToolsVersion = 9.0;
						ProvisioningStyle = Automatic;
					};
				};
			};
			buildConfigurationList = 142CF4E41F83E4270056241E /* Build configuration list for PBXProject "Cardview" */;
			compatibilityVersion = "Xcode 8.0";
			developmentRegion = en;
			hasScannedForEncodings = 0;
			knownRegions = (
				en,
				Base,
			);
			mainGroup = 142CF4E01F83E4270056241E;
			productRefGroup = 142CF4EA1F83E4270056241E /* Products */;
			projectDirPath = "";
			projectRoot = "";
			targets = (
				142CF4E81F83E4270056241E /* Cardview */,
			);
		};
/* End PBXProject section */

/* Begin PBXResourcesBuildPhase section */
		142CF4E71F83E4270056241E /* Resources */ = {
			isa = PBXResourcesBuildPhase;
			buildActionMask = 2147483647;
			files = (
				142CF4F71F83E4270056241E /* LaunchScreen.storyboard in Resources */,
				142CF4F41F83E4270056241E /* Assets.xcassets in Resources */,
				142CF4F21F83E4270056241E /* Main.storyboard in Resources */,
			);
			runOnlyForDeploymentPostprocessing = 0;
		};
/* End PBXResourcesBuildPhase section */

/* Begin PBXSourcesBuildPhase section */
		142CF4E51F83E4270056241E /* Sources */ = {
			isa = PBXSourcesBuildPhase;
			buildActionMask = 2147483647;
			files = (
				142CF4EF1F83E4270056241E /* ViewController.swift in Sources */,
				142EBCCD1F8C06CE00B33A0D /* CardView.swift in Sources */,
				142EBCCF1F8C19C700B33A0D /* Alert.swift in Sources */,
				142CF4ED1F83E4270056241E /* AppDelegate.swift in Sources */,
			);
			runOnlyForDeploymentPostprocessing = 0;
		};
/* End PBXSourcesBuildPhase section */

/* Begin PBXVariantGroup section */
		142CF4F01F83E4270056241E /* Main.storyboard */ = {
			isa = PBXVariantGroup;
			children = (
				142CF4F11F83E4270056241E /* Base */,
			);
			name = Main.storyboard;
			sourceTree = "<group>";
		};
		142CF4F51F83E4270056241E /* LaunchScreen.storyboard */ = {
			isa = PBXVariantGroup;
			children = (
				142CF4F61F83E4270056241E /* Base */,
			);
			name = LaunchScreen.storyboard;
			sourceTree = "<group>";
		};
/* End PBXVariantGroup section */

/* Begin XCBuildConfiguration section */
		142CF4F91F83E4270056241E /* Debug */ = {
			isa = XCBuildConfiguration;
			buildSettings = {
				ALWAYS_SEARCH_USER_PATHS = NO;
				CLANG_ANALYZER_NONNULL = YES;
				CLANG_ANALYZER_NUMBER_OBJECT_CONVERSION = YES_AGGRESSIVE;
				CLANG_CXX_LANGUAGE_STANDARD = "gnu++14";
				CLANG_CXX_LIBRARY = "libc++";
				CLANG_ENABLE_MODULES = YES;
				CLANG_ENABLE_OBJC_ARC = YES;
				CLANG_WARN_BLOCK_CAPTURE_AUTORELEASING = YES;
				CLANG_WARN_BOOL_CONVERSION = YES;
				CLANG_WARN_COMMA = YES;
				CLANG_WARN_CONSTANT_CONVERSION = YES;
				CLANG_WARN_DIRECT_OBJC_ISA_USAGE = YES_ERROR;
				CLANG_WARN_DOCUMENTATION_COMMENTS = YES;
				CLANG_WARN_EMPTY_BODY = YES;
				CLANG_WARN_ENUM_CONVERSION = YES;
				CLANG_WARN_INFINITE_RECURSION = YES;
				CLANG_WARN_INT_CONVERSION = YES;
				CLANG_WARN_NON_LITERAL_NULL_CONVERSION = YES;
				CLANG_WARN_OBJC_LITERAL_CONVERSION = YES;
				CLANG_WARN_OBJC_ROOT_CLASS = YES_ERROR;
				CLANG_WARN_RANGE_LOOP_ANALYSIS = YES;
				CLANG_WARN_STRICT_PROTOTYPES = YES;
				CLANG_WARN_SUSPICIOUS_MOVE = YES;
				CLANG_WARN_UNGUARDED_AVAILABILITY = YES_AGGRESSIVE;
				CLANG_WARN_UNREACHABLE_CODE = YES;
				CLANG_WARN__DUPLICATE_METHOD_MATCH = YES;
				CODE_SIGN_IDENTITY = "iPhone Developer";
				COPY_PHASE_STRIP = NO;
				DEBUG_INFORMATION_FORMAT = dwarf;
				ENABLE_STRICT_OBJC_MSGSEND = YES;
				ENABLE_TESTABILITY = YES;
				GCC_C_LANGUAGE_STANDARD = gnu11;
				GCC_DYNAMIC_NO_PIC = NO;
				GCC_NO_COMMON_BLOCKS = YES;
				GCC_OPTIMIZATION_LEVEL = 0;
				GCC_PREPROCESSOR_DEFINITIONS = (
					"DEBUG=1",
					"$(inherited)",
				);
				GCC_WARN_64_TO_32_BIT_CONVERSION = YES;
				GCC_WARN_ABOUT_RETURN_TYPE = YES_ERROR;
				GCC_WARN_UNDECLARED_SELECTOR = YES;
				GCC_WARN_UNINITIALIZED_AUTOS = YES_AGGRESSIVE;
				GCC_WARN_UNUSED_FUNCTION = YES;
				GCC_WARN_UNUSED_VARIABLE = YES;
				IPHONEOS_DEPLOYMENT_TARGET = 11.0;
				MTL_ENABLE_DEBUG_INFO = YES;
				ONLY_ACTIVE_ARCH = YES;
				SDKROOT = iphoneos;
				SWIFT_ACTIVE_COMPILATION_CONDITIONS = DEBUG;
				SWIFT_OPTIMIZATION_LEVEL = "-Onone";
			};
			name = Debug;
		};
		142CF4FA1F83E4270056241E /* Release */ = {
			isa = XCBuildConfiguration;
			buildSettings = {
				ALWAYS_SEARCH_USER_PATHS = NO;
				CLANG_ANALYZER_NONNULL = YES;
				CLANG_ANALYZER_NUMBER_OBJECT_CONVERSION = YES_AGGRESSIVE;
				CLANG_CXX_LANGUAGE_STANDARD = "gnu++14";
				CLANG_CXX_LIBRARY = "libc++";
				CLANG_ENABLE_MODULES = YES;
				CLANG_ENABLE_OBJC_ARC = YES;
				CLANG_WARN_BLOCK_CAPTURE_AUTORELEASING = YES;
				CLANG_WARN_BOOL_CONVERSION = YES;
				CLANG_WARN_COMMA = YES;
				CLANG_WARN_CONSTANT_CONVERSION = YES;
				CLANG_WARN_DIRECT_OBJC_ISA_USAGE = YES_ERROR;
				CLANG_WARN_DOCUMENTATION_COMMENTS = YES;
				CLANG_WARN_EMPTY_BODY = YES;
				CLANG_WARN_ENUM_CONVERSION = YES;
				CLANG_WARN_INFINITE_RECURSION = YES;
				CLANG_WARN_INT_CONVERSION = YES;
				CLANG_WARN_NON_LITERAL_NULL_CONVERSION = YES;
				CLANG_WARN_OBJC_LITERAL_CONVERSION = YES;
				CLANG_WARN_OBJC_ROOT_CLASS = YES_ERROR;
				CLANG_WARN_RANGE_LOOP_ANALYSIS = YES;
				CLANG_WARN_STRICT_PROTOTYPES = YES;
				CLANG_WARN_SUSPICIOUS_MOVE = YES;
				CLANG_WARN_UNGUARDED_AVAILABILITY = YES_AGGRESSIVE;
				CLANG_WARN_UNREACHABLE_CODE = YES;
				CLANG_WARN__DUPLICATE_METHOD_MATCH = YES;
				CODE_SIGN_IDENTITY = "iPhone Developer";
				COPY_PHASE_STRIP = NO;
				DEBUG_INFORMATION_FORMAT = "dwarf-with-dsym";
				ENABLE_NS_ASSERTIONS = NO;
				ENABLE_STRICT_OBJC_MSGSEND = YES;
				GCC_C_LANGUAGE_STANDARD = gnu11;
				GCC_NO_COMMON_BLOCKS = YES;
				GCC_WARN_64_TO_32_BIT_CONVERSION = YES;
				GCC_WARN_ABOUT_RETURN_TYPE = YES_ERROR;
				GCC_WARN_UNDECLARED_SELECTOR = YES;
				GCC_WARN_UNINITIALIZED_AUTOS = YES_AGGRESSIVE;
				GCC_WARN_UNUSED_FUNCTION = YES;
				GCC_WARN_UNUSED_VARIABLE = YES;
				IPHONEOS_DEPLOYMENT_TARGET = 11.0;
				MTL_ENABLE_DEBUG_INFO = NO;
				SDKROOT = iphoneos;
				SWIFT_OPTIMIZATION_LEVEL = "-Owholemodule";
				VALIDATE_PRODUCT = YES;
			};
			name = Release;
		};
		142CF4FC1F83E4270056241E /* Debug */ = {
			isa = XCBuildConfiguration;
			buildSettings = {
				ASSETCATALOG_COMPILER_APPICON_NAME = AppIcon;
				CODE_SIGN_STYLE = Automatic;
				DEVELOPMENT_TEAM = 526YR6WHWC;
				INFOPLIST_FILE = Cardview/Info.plist;
				LD_RUNPATH_SEARCH_PATHS = "$(inherited) @executable_path/Frameworks";
				PRODUCT_BUNDLE_IDENTIFIER = com.gabrielabezerra.cardview.Cardview;
				PRODUCT_NAME = "$(TARGET_NAME)";
				SWIFT_VERSION = 4.0;
				TARGETED_DEVICE_FAMILY = "1,2";
			};
			name = Debug;
		};
		142CF4FD1F83E4270056241E /* Release */ = {
			isa = XCBuildConfiguration;
			buildSettings = {
				ASSETCATALOG_COMPILER_APPICON_NAME = AppIcon;
				CODE_SIGN_STYLE = Automatic;
				DEVELOPMENT_TEAM = 526YR6WHWC;
				INFOPLIST_FILE = Cardview/Info.plist;
				LD_RUNPATH_SEARCH_PATHS = "$(inherited) @executable_path/Frameworks";
				PRODUCT_BUNDLE_IDENTIFIER = com.gabrielabezerra.cardview.Cardview;
				PRODUCT_NAME = "$(TARGET_NAME)";
				SWIFT_VERSION = 4.0;
				TARGETED_DEVICE_FAMILY = "1,2";
			};
			name = Release;
		};
/* End XCBuildConfiguration section */

/* Begin XCConfigurationList section */
		142CF4E41F83E4270056241E /* Build configuration list for PBXProject "Cardview" */ = {
			isa = XCConfigurationList;
			buildConfigurations = (
				142CF4F91F83E4270056241E /* Debug */,
				142CF4FA1F83E4270056241E /* Release */,
			);
			defaultConfigurationIsVisible = 0;
			defaultConfigurationName = Release;
		};
		142CF4FB1F83E4270056241E /* Build configuration list for PBXNativeTarget "Cardview" */ = {
			isa = XCConfigurationList;
			buildConfigurations = (
				142CF4FC1F83E4270056241E /* Debug */,
				142CF4FD1F83E4270056241E /* Release */,
			);
			defaultConfigurationIsVisible = 0;
			defaultConfigurationName = Release;
		};
/* End XCConfigurationList section */
	};
	rootObject = 142CF4E11F83E4270056241E /* Project object */;
}
